<Solution>
  <Folder Name="/Solution Items/">
    <File Path=".editorconfig" />
  </Folder>
  <Project Path="GateKeeper.AI.App/GateKeeper.AI.App.csproj" />
  <Project Path="GateKeeper.AI.Orchestrator/GateKeeper.AI.Orchestrator.csproj" />
  <Project Path="GateKeeper.AI.Shared/GateKeeper.AI.Shared.csproj" />
  <Project Path="GateKeeper.AI.SmartCodeReviewer.Agent/GateKeeper.AI.SmartCodeReviewer.Agent.csproj" />
  <Project Path="GateKeeper.AI.TagAndChangeLog.Agent/GateKeeper.AI.TagAndChangeLog.Agent.csproj" />
  <Project Path="GateKeeper.AI.Trust.Agent/GateKeeper.AI.Trust.Agent.csproj" Id="1ec65bb0-aba5-4717-84f3-08e7e5268e0a" />
</Solution>
